{
  "name": "@m1yh3m/netstat.current.tcp.connection.node.sh",
  "version": "1.0.0",
  "lockfileVersion": 1,
  "requires": true,
  "dependencies": {
    "@f0c1s/color-red": {
      "version": "0.0.1",
      "resolved": "https://registry.npmjs.org/@f0c1s/color-red/-/color-red-0.0.1.tgz",
      "integrity": "sha512-vT0VIj3KPpc7Md7f+0+2crvC636bLgs0RdCjGPa1fz6KAYkAMrFp0U7jpev+dJReRBSAyExwxO3Kmm98/pqXkg=="
    },
    "@f0c1s/color-yellow": {
      "version": "0.0.1",
      "resolved": "https://registry.npmjs.org/@f0c1s/color-yellow/-/color-yellow-0.0.1.tgz",
      "integrity": "sha512-/bfoTUZK5jkmQmI/GPyqWYHOcaeblWz4sSusFfCWthI3BSGhG4mqcuuWLZfLXFYY+xo+uQ6wY3FAVeVgAxLRBA=="
    },
    "commander": {
      "version": "4.0.1",
      "resolved": "https://registry.npmjs.org/commander/-/commander-4.0.1.tgz",
      "integrity": "sha512-IPF4ouhCP+qdlcmCedhxX4xiGBPyigb8v5NeUp+0LyhwLgxMqyp3S0vl7TAPfS/hiP7FC3caI/PB9lTmP8r1NA=="
    }
  }
}
